
Microsoft Visual Studio Solution File, Format Version 12.00
# Visual Studio Version 16
VisualStudioVersion = 16.0.31105.61
MinimumVisualStudioVersion = 10.0.40219.1
Project("{FAE04EC0-301F-11D3-BF4B-00C04F79EFBC}") = "CRUDEmpleados", "CRUDEmpleados\CRUDEmpleados.csproj", "{0DB38485-9106-45EF-A06C-953DA0F67F29}"
EndProject
Global
	GlobalSection(SolutionConfigurationPlatforms) = preSolution
		Debug|Any CPU = Debug|Any CPU
		Release|Any CPU = Release|Any CPU
	EndGlobalSection
	GlobalSection(ProjectConfigurationPlatforms) = postSolution
		{0DB38485-9106-45EF-A06C-953DA0F67F29}.Debug|Any CPU.ActiveCfg = Debug|Any CPU
		{0DB38485-9106-45EF-A06C-953DA0F67F29}.Debug|Any CPU.Build.0 = Debug|Any CPU
		{0DB38485-9106-45EF-A06C-953DA0F67F29}.Release|Any CPU.ActiveCfg = Release|Any CPU
		{0DB38485-9106-45EF-A06C-953DA0F67F29}.Release|Any CPU.Build.0 = Release|Any CPU
	EndGlobalSection
	GlobalSection(SolutionProperties) = preSolution
		HideSolutionNode = FALSE
	EndGlobalSection
	GlobalSection(ExtensibilityGlobals) = postSolution
		SolutionGuid = {11A35A42-B245-414B-83B5-B28930DB0A17}
	EndGlobalSection
EndGlobal
